// !$*UTF8*$!
{
	archiveVersion = 1;
	classes = {
	};
	objectVersion = 63;
	objects = {

/* Begin PBXBuildFile section */
		05318CCA12581DD266B17D5B /* JournalView.swift in Sources */ = {isa = PBXBuildFile; fileRef = F48090E8FBC274AA5AC7FEF0 /* JournalView.swift */; };
		15B56F4F277B74CA35082415 /* MockData.swift in Sources */ = {isa = PBXBuildFile; fileRef = 688255F7CDA2BEFF17229452 /* MockData.swift */; };
		15D4B0EC2CAF818C19BA5636 /* Assets.xcassets in Resources */ = {isa = PBXBuildFile; fileRef = 79D6D423A903CEE62D528BA1 /* Assets.xcassets */; };
		185BB7FD01E8C2197A29F58D /* NotATherapistApp.swift in Sources */ = {isa = PBXBuildFile; fileRef = CF4164741B6CEEAF043F3B68 /* NotATherapistApp.swift */; };
		1EE768C413114529764E4D84 /* TodayView.swift in Sources */ = {isa = PBXBuildFile; fileRef = F8A850C4E98B449C9F2599F1 /* TodayView.swift */; };
		259C274EAC3EE4BCDF735712 /* ICloudSyncService.swift in Sources */ = {isa = PBXBuildFile; fileRef = 4526177357FDDD334C4B7A82 /* ICloudSyncService.swift */; };
		2A04BF44AB8308AE1391EE17 /* AppRouter.swift in Sources */ = {isa = PBXBuildFile; fileRef = 2CAF6C1F4D234A997D6EC891 /* AppRouter.swift */; };
		2B9DC282FB0999E0BBE93305 /* HealthKitManager.swift in Sources */ = {isa = PBXBuildFile; fileRef = BE282B22439564477927FDB4 /* HealthKitManager.swift */; };
		317C03C49922F0EE8510B3E8 /* Confetti.json in Resources */ = {isa = PBXBuildFile; fileRef = D27EB05EFDA181C4DF39E859 /* Confetti.json */; };
		44DFAD53D5424FC9BF7AFE18 /* MessagesView.swift in Sources */ = {isa = PBXBuildFile; fileRef = 806DEB02C67230523F0AA151 /* MessagesView.swift */; };
		46F08413653AF2DED74578DD /* MockServices.swift in Sources */ = {isa = PBXBuildFile; fileRef = C75BC9CA126A05BF22517BEC /* MockServices.swift */; };
		490A0CA5BBB8AA1E75CD71FB /* AppViewModel.swift in Sources */ = {isa = PBXBuildFile; fileRef = 468F4E2B1C96DE08C27E8932 /* AppViewModel.swift */; };
		4A88039FEB9C25179005E169 /* OnboardingView.swift in Sources */ = {isa = PBXBuildFile; fileRef = ECEEDCC536C1CF382A1A0BC1 /* OnboardingView.swift */; };
		5BBBC8A86BDEDDCD82B938BB /* Lottie in Frameworks */ = {isa = PBXBuildFile; productRef = 972FA017E24658E48B6793EB /* Lottie */; };
		5CB4E1E98B52800A1060DCCC /* AppAttestService.swift in Sources */ = {isa = PBXBuildFile; fileRef = 8B0B142BADCE1059B06422DD /* AppAttestService.swift */; };
		652C2C72A60CF787391116AE /* LocalAppStore.swift in Sources */ = {isa = PBXBuildFile; fileRef = 82855229C977B660683AA568 /* LocalAppStore.swift */; };
		6792821DFF79B8A5958D3CC5 /* AnchorWidgets.swift in Sources */ = {isa = PBXBuildFile; fileRef = 024B90C64E262D1E69ADD7E6 /* AnchorWidgets.swift */; };
		713D41FD6191B16594AAC2D5 /* AnchorWidgets.appex in Embed Foundation Extensions */ = {isa = PBXBuildFile; fileRef = 47AFDDF38EB4DD7FDB8A2441 /* AnchorWidgets.appex */; settings = {ATTRIBUTES = (RemoveHeadersOnCopy, ); }; };
		727BD42F3D031075B07B83A3 /* APIService.swift in Sources */ = {isa = PBXBuildFile; fileRef = A041E831CBDEEC99815BE259 /* APIService.swift */; };
		77BE28E7E63CF8229DAE7C95 /* NotificationService.swift in Sources */ = {isa = PBXBuildFile; fileRef = 1DE6E81A3EC973E2AC9DF78C /* NotificationService.swift */; };
		7F1ED5B7543E7316118E8B87 /* WidgetShared.swift in Sources */ = {isa = PBXBuildFile; fileRef = 4EC1FCDA511960C4285A6A2C /* WidgetShared.swift */; };
		930A745C1E157C1E0D3CD7E3 /* CalmView.swift in Sources */ = {isa = PBXBuildFile; fileRef = 8623EAE818E0A35718FAD110 /* CalmView.swift */; };
		9D19D981C15874DAFD3CE618 /* DailyReviewView.swift in Sources */ = {isa = PBXBuildFile; fileRef = 1B29BFF9D7AE483A323F3EFE /* DailyReviewView.swift */; };
		9D660BFCC825AD50CAA06DA8 /* JournalHistoryView.swift in Sources */ = {isa = PBXBuildFile; fileRef = 2A846E85A6F6C9E4BF0EF638 /* JournalHistoryView.swift */; };
		A4732372156A976A36CFB3CD /* Components.swift in Sources */ = {isa = PBXBuildFile; fileRef = 5A4B528419784EBC6ADC1296 /* Components.swift */; };
		ACE515FE6CBF1109C9C30ED4 /* Models.swift in Sources */ = {isa = PBXBuildFile; fileRef = 97B9AA6C3315067AAD058A50 /* Models.swift */; };
		C15B7D62FC2F6B3EC607C6DB /* InsightsView.swift in Sources */ = {isa = PBXBuildFile; fileRef = 4B2A86DD82E5AEA38D2581EF /* InsightsView.swift */; };
		C815FC984034D94CA3802209 /* Design.swift in Sources */ = {isa = PBXBuildFile; fileRef = 3494D6D6C7904FF91E44735E /* Design.swift */; };
		E42919934258310CDD158F2F /* AnchorIntents.swift in Sources */ = {isa = PBXBuildFile; fileRef = F4C6510E00CEEBB62202EF75 /* AnchorIntents.swift */; };
		E65FA178DA7CB5CA7E642D70 /* ConfettiView.swift in Sources */ = {isa = PBXBuildFile; fileRef = 076262E4224D8B53EAB7F190 /* ConfettiView.swift */; };
		EDD1A77B06A5BB2AF70237B9 /* WidgetShared.swift in Sources */ = {isa = PBXBuildFile; fileRef = 4EC1FCDA511960C4285A6A2C /* WidgetShared.swift */; };
		FFE50A52DE54EB089845DF53 /* HealthConnectView.swift in Sources */ = {isa = PBXBuildFile; fileRef = DB7F4C6E8831537A418BD44E /* HealthConnectView.swift */; };
/* End PBXBuildFile section */

/* Begin PBXContainerItemProxy section */
		95D22448064B9F4AB11EB103 /* PBXContainerItemProxy */ = {
			isa = PBXContainerItemProxy;
			containerPortal = F9011E559A88B5F2A601CF0A /* Project object */;
			proxyType = 1;
			remoteGlobalIDString = F56FFDA4BD80FCE34C0EF511;
			remoteInfo = AnchorWidgets;
		};
/* End PBXContainerItemProxy section */

/* Begin PBXCopyFilesBuildPhase section */
		CA1A73BAD6BD2D3C3D7E153A /* Embed Foundation Extensions */ = {
			isa = PBXCopyFilesBuildPhase;
			buildActionMask = 2147483647;
			dstPath = "";
			dstSubfolderSpec = 13;
			files = (
				713D41FD6191B16594AAC2D5 /* AnchorWidgets.appex in Embed Foundation Extensions */,
			);
			name = "Embed Foundation Extensions";
			runOnlyForDeploymentPostprocessing = 0;
		};
/* End PBXCopyFilesBuildPhase section */

/* Begin PBXFileReference section */
		024B90C64E262D1E69ADD7E6 /* AnchorWidgets.swift */ = {isa = PBXFileReference; lastKnownFileType = sourcecode.swift; path = AnchorWidgets.swift; sourceTree = "<group>"; };
		076262E4224D8B53EAB7F190 /* ConfettiView.swift */ = {isa = PBXFileReference; lastKnownFileType = sourcecode.swift; path = ConfettiView.swift; sourceTree = "<group>"; };
		0AFBDB1D9DB56E9115C14BD8 /* NotATherapist.entitlements */ = {isa = PBXFileReference; lastKnownFileType = text.plist.entitlements; path = NotATherapist.entitlements; sourceTree = "<group>"; };
		1B29BFF9D7AE483A323F3EFE /* DailyReviewView.swift */ = {isa = PBXFileReference; lastKnownFileType = sourcecode.swift; path = DailyReviewView.swift; sourceTree = "<group>"; };
		1DE6E81A3EC973E2AC9DF78C /* NotificationService.swift */ = {isa = PBXFileReference; lastKnownFileType = sourcecode.swift; path = NotificationService.swift; sourceTree = "<group>"; };
		2A846E85A6F6C9E4BF0EF638 /* JournalHistoryView.swift */ = {isa = PBXFileReference; lastKnownFileType = sourcecode.swift; path = JournalHistoryView.swift; sourceTree = "<group>"; };
		2CAF6C1F4D234A997D6EC891 /* AppRouter.swift */ = {isa = PBXFileReference; lastKnownFileType = sourcecode.swift; path = AppRouter.swift; sourceTree = "<group>"; };
		2DC5BEF513C5C4BC58C36195 /* AnchorWidgets.entitlements */ = {isa = PBXFileReference; lastKnownFileType = text.plist.entitlements; path = AnchorWidgets.entitlements; sourceTree = "<group>"; };
		3494D6D6C7904FF91E44735E /* Design.swift */ = {isa = PBXFileReference; lastKnownFileType = sourcecode.swift; path = Design.swift; sourceTree = "<group>"; };
		4526177357FDDD334C4B7A82 /* ICloudSyncService.swift */ = {isa = PBXFileReference; lastKnownFileType = sourcecode.swift; path = ICloudSyncService.swift; sourceTree = "<group>"; };
		468F4E2B1C96DE08C27E8932 /* AppViewModel.swift */ = {isa = PBXFileReference; lastKnownFileType = sourcecode.swift; path = AppViewModel.swift; sourceTree = "<group>"; };
		47AFDDF38EB4DD7FDB8A2441 /* AnchorWidgets.appex */ = {isa = PBXFileReference; explicitFileType = "wrapper.app-extension"; includeInIndex = 0; path = AnchorWidgets.appex; sourceTree = BUILT_PRODUCTS_DIR; };
		4B2A86DD82E5AEA38D2581EF /* InsightsView.swift */ = {isa = PBXFileReference; lastKnownFileType = sourcecode.swift; path = InsightsView.swift; sourceTree = "<group>"; };
		4EC1FCDA511960C4285A6A2C /* WidgetShared.swift */ = {isa = PBXFileReference; lastKnownFileType = sourcecode.swift; path = WidgetShared.swift; sourceTree = "<group>"; };
		59389A36ADA0EEE4C28117C9 /* Anchor.app */ = {isa = PBXFileReference; explicitFileType = wrapper.application; includeInIndex = 0; path = Anchor.app; sourceTree = BUILT_PRODUCTS_DIR; };
		5A4B528419784EBC6ADC1296 /* Components.swift */ = {isa = PBXFileReference; lastKnownFileType = sourcecode.swift; path = Components.swift; sourceTree = "<group>"; };
		688255F7CDA2BEFF17229452 /* MockData.swift */ = {isa = PBXFileReference; lastKnownFileType = sourcecode.swift; path = MockData.swift; sourceTree = "<group>"; };
		79D6D423A903CEE62D528BA1 /* Assets.xcassets */ = {isa = PBXFileReference; lastKnownFileType = folder.assetcatalog; path = Assets.xcassets; sourceTree = "<group>"; };
		7AA44B6C9A3D9AE9B2ECEE80 /* Info.plist */ = {isa = PBXFileReference; lastKnownFileType = text.plist; path = Info.plist; sourceTree = "<group>"; };
		806DEB02C67230523F0AA151 /* MessagesView.swift */ = {isa = PBXFileReference; lastKnownFileType = sourcecode.swift; path = MessagesView.swift; sourceTree = "<group>"; };
		82855229C977B660683AA568 /* LocalAppStore.swift */ = {isa = PBXFileReference; lastKnownFileType = sourcecode.swift; path = LocalAppStore.swift; sourceTree = "<group>"; };
		8623EAE818E0A35718FAD110 /* CalmView.swift */ = {isa = PBXFileReference; lastKnownFileType = sourcecode.swift; path = CalmView.swift; sourceTree = "<group>"; };
		8B0B142BADCE1059B06422DD /* AppAttestService.swift */ = {isa = PBXFileReference; lastKnownFileType = sourcecode.swift; path = AppAttestService.swift; sourceTree = "<group>"; };
		97B9AA6C3315067AAD058A50 /* Models.swift */ = {isa = PBXFileReference; lastKnownFileType = sourcecode.swift; path = Models.swift; sourceTree = "<group>"; };
		A041E831CBDEEC99815BE259 /* APIService.swift */ = {isa = PBXFileReference; lastKnownFileType = sourcecode.swift; path = APIService.swift; sourceTree = "<group>"; };
		BE282B22439564477927FDB4 /* HealthKitManager.swift */ = {isa = PBXFileReference; lastKnownFileType = sourcecode.swift; path = HealthKitManager.swift; sourceTree = "<group>"; };
		C75BC9CA126A05BF22517BEC /* MockServices.swift */ = {isa = PBXFileReference; lastKnownFileType = sourcecode.swift; path = MockServices.swift; sourceTree = "<group>"; };
		CF4164741B6CEEAF043F3B68 /* NotATherapistApp.swift */ = {isa = PBXFileReference; lastKnownFileType = sourcecode.swift; path = NotATherapistApp.swift; sourceTree = "<group>"; };
		D27EB05EFDA181C4DF39E859 /* Confetti.json */ = {isa = PBXFileReference; lastKnownFileType = text.json; path = Confetti.json; sourceTree = "<group>"; };
		DB7F4C6E8831537A418BD44E /* HealthConnectView.swift */ = {isa = PBXFileReference; lastKnownFileType = sourcecode.swift; path = HealthConnectView.swift; sourceTree = "<group>"; };
		ECEEDCC536C1CF382A1A0BC1 /* OnboardingView.swift */ = {isa = PBXFileReference; lastKnownFileType = sourcecode.swift; path = OnboardingView.swift; sourceTree = "<group>"; };
		F48090E8FBC274AA5AC7FEF0 /* JournalView.swift */ = {isa = PBXFileReference; lastKnownFileType = sourcecode.swift; path = JournalView.swift; sourceTree = "<group>"; };
		F4C6510E00CEEBB62202EF75 /* AnchorIntents.swift */ = {isa = PBXFileReference; lastKnownFileType = sourcecode.swift; path = AnchorIntents.swift; sourceTree = "<group>"; };
		F8A850C4E98B449C9F2599F1 /* TodayView.swift */ = {isa = PBXFileReference; lastKnownFileType = sourcecode.swift; path = TodayView.swift; sourceTree = "<group>"; };
/* End PBXFileReference section */

/* Begin PBXFrameworksBuildPhase section */
		A3C8CEB5553415812678DAB9 /* Frameworks */ = {
			isa = PBXFrameworksBuildPhase;
			buildActionMask = 2147483647;
			files = (
				5BBBC8A86BDEDDCD82B938BB /* Lottie in Frameworks */,
			);
			runOnlyForDeploymentPostprocessing = 0;
		};
/* End PBXFrameworksBuildPhase section */

/* Begin PBXGroup section */
		40260BFEFE657DBA75570F1C = {
			isa = PBXGroup;
			children = (
				B00956FD37C52376A7D018CC /* AnchorWidgets */,
				E71753DD28C86F1F2D786E8E /* NotATherapist */,
				775E40D6FA333D4B84F483C4 /* Shared */,
				6CFCACD1016DBDB229C836BD /* Products */,
			);
			sourceTree = "<group>";
		};
		6CFCACD1016DBDB229C836BD /* Products */ = {
			isa = PBXGroup;
			children = (
				47AFDDF38EB4DD7FDB8A2441 /* AnchorWidgets.appex */,
				59389A36ADA0EEE4C28117C9 /* Anchor.app */,
			);
			name = Products;
			sourceTree = "<group>";
		};
		775E40D6FA333D4B84F483C4 /* Shared */ = {
			isa = PBXGroup;
			children = (
				4EC1FCDA511960C4285A6A2C /* WidgetShared.swift */,
			);
			path = Shared;
			sourceTree = "<group>";
		};
		B00956FD37C52376A7D018CC /* AnchorWidgets */ = {
			isa = PBXGroup;
			children = (
				2DC5BEF513C5C4BC58C36195 /* AnchorWidgets.entitlements */,
				024B90C64E262D1E69ADD7E6 /* AnchorWidgets.swift */,
				7AA44B6C9A3D9AE9B2ECEE80 /* Info.plist */,
			);
			path = AnchorWidgets;
			sourceTree = "<group>";
		};
		E71753DD28C86F1F2D786E8E /* NotATherapist */ = {
			isa = PBXGroup;
			children = (
				F4C6510E00CEEBB62202EF75 /* AnchorIntents.swift */,
				A041E831CBDEEC99815BE259 /* APIService.swift */,
				8B0B142BADCE1059B06422DD /* AppAttestService.swift */,
				2CAF6C1F4D234A997D6EC891 /* AppRouter.swift */,
				468F4E2B1C96DE08C27E8932 /* AppViewModel.swift */,
				79D6D423A903CEE62D528BA1 /* Assets.xcassets */,
				8623EAE818E0A35718FAD110 /* CalmView.swift */,
				5A4B528419784EBC6ADC1296 /* Components.swift */,
				D27EB05EFDA181C4DF39E859 /* Confetti.json */,
				076262E4224D8B53EAB7F190 /* ConfettiView.swift */,
				1B29BFF9D7AE483A323F3EFE /* DailyReviewView.swift */,
				3494D6D6C7904FF91E44735E /* Design.swift */,
				DB7F4C6E8831537A418BD44E /* HealthConnectView.swift */,
				BE282B22439564477927FDB4 /* HealthKitManager.swift */,
				4526177357FDDD334C4B7A82 /* ICloudSyncService.swift */,
				4B2A86DD82E5AEA38D2581EF /* InsightsView.swift */,
				2A846E85A6F6C9E4BF0EF638 /* JournalHistoryView.swift */,
				F48090E8FBC274AA5AC7FEF0 /* JournalView.swift */,
				82855229C977B660683AA568 /* LocalAppStore.swift */,
				806DEB02C67230523F0AA151 /* MessagesView.swift */,
				688255F7CDA2BEFF17229452 /* MockData.swift */,
				C75BC9CA126A05BF22517BEC /* MockServices.swift */,
				97B9AA6C3315067AAD058A50 /* Models.swift */,
				0AFBDB1D9DB56E9115C14BD8 /* NotATherapist.entitlements */,
				CF4164741B6CEEAF043F3B68 /* NotATherapistApp.swift */,
				1DE6E81A3EC973E2AC9DF78C /* NotificationService.swift */,
				ECEEDCC536C1CF382A1A0BC1 /* OnboardingView.swift */,
				F8A850C4E98B449C9F2599F1 /* TodayView.swift */,
			);
			path = NotATherapist;
			sourceTree = "<group>";
		};
/* End PBXGroup section */

/* Begin PBXNativeTarget section */
		68DB6128A93D1EE3A8284DC2 /* NotATherapist */ = {
			isa = PBXNativeTarget;
			buildConfigurationList = 642CF6C9102D798C7CA27DB6 /* Build configuration list for PBXNativeTarget "NotATherapist" */;
			buildPhases = (
				699A384DDCC8BBF8EB844569 /* Sources */,
				01FC1CB5A95B4EF59E391C71 /* Resources */,
				A3C8CEB5553415812678DAB9 /* Frameworks */,
				CA1A73BAD6BD2D3C3D7E153A /* Embed Foundation Extensions */,
			);
			buildRules = (
			);
			dependencies = (
				F94FF9942AC6572E1E1F67CA /* PBXTargetDependency */,
			);
			name = NotATherapist;
			packageProductDependencies = (
				972FA017E24658E48B6793EB /* Lottie */,
			);
			productName = NotATherapist;
			productReference = 59389A36ADA0EEE4C28117C9 /* Anchor.app */;
			productType = "com.apple.product-type.application";
		};
		F56FFDA4BD80FCE34C0EF511 /* AnchorWidgets */ = {
			isa = PBXNativeTarget;
			buildConfigurationList = D1DE8BC9C238825E1696F0DA /* Build configuration list for PBXNativeTarget "AnchorWidgets" */;
			buildPhases = (
				7C2688281C91781A7435D4E4 /* Sources */,
			);
			buildRules = (
			);
			dependencies = (
			);
			name = AnchorWidgets;
			packageProductDependencies = (
			);
			productName = AnchorWidgets;
			productReference = 47AFDDF38EB4DD7FDB8A2441 /* AnchorWidgets.appex */;
			productType = "com.apple.product-type.app-extension";
		};
/* End PBXNativeTarget section */

/* Begin PBXProject section */
		F9011E559A88B5F2A601CF0A /* Project object */ = {
			isa = PBXProject;
			attributes = {
				BuildIndependentTargetsInParallel = YES;
				LastUpgradeCheck = 1430;
			};
			buildConfigurationList = 50BC7E618F9DF3D1219374EA /* Build configuration list for PBXProject "NotATherapist" */;
			compatibilityVersion = "Xcode 14.0";
			developmentRegion = en;
			hasScannedForEncodings = 0;
			knownRegions = (
				Base,
				en,
			);
			mainGroup = 40260BFEFE657DBA75570F1C;
			minimizedProjectReferenceProxies = 1;
			packageReferences = (
				BB9889830FA3B3E931CEFBB5 /* XCRemoteSwiftPackageReference "lottie-ios" */,
			);
			projectDirPath = "";
			projectRoot = "";
			targets = (
				F56FFDA4BD80FCE34C0EF511 /* AnchorWidgets */,
				68DB6128A93D1EE3A8284DC2 /* NotATherapist */,
			);
		};
/* End PBXProject section */

/* Begin PBXResourcesBuildPhase section */
		01FC1CB5A95B4EF59E391C71 /* Resources */ = {
			isa = PBXResourcesBuildPhase;
			buildActionMask = 2147483647;
			files = (
				15D4B0EC2CAF818C19BA5636 /* Assets.xcassets in Resources */,
				317C03C49922F0EE8510B3E8 /* Confetti.json in Resources */,
			);
			runOnlyForDeploymentPostprocessing = 0;
		};
/* End PBXResourcesBuildPhase section */

/* Begin PBXSourcesBuildPhase section */
		699A384DDCC8BBF8EB844569 /* Sources */ = {
			isa = PBXSourcesBuildPhase;
			buildActionMask = 2147483647;
			files = (
				727BD42F3D031075B07B83A3 /* APIService.swift in Sources */,
				E42919934258310CDD158F2F /* AnchorIntents.swift in Sources */,
				5CB4E1E98B52800A1060DCCC /* AppAttestService.swift in Sources */,
				2A04BF44AB8308AE1391EE17 /* AppRouter.swift in Sources */,
				490A0CA5BBB8AA1E75CD71FB /* AppViewModel.swift in Sources */,
				930A745C1E157C1E0D3CD7E3 /* CalmView.swift in Sources */,
				A4732372156A976A36CFB3CD /* Components.swift in Sources */,
				E65FA178DA7CB5CA7E642D70 /* ConfettiView.swift in Sources */,
				9D19D981C15874DAFD3CE618 /* DailyReviewView.swift in Sources */,
				C815FC984034D94CA3802209 /* Design.swift in Sources */,
				FFE50A52DE54EB089845DF53 /* HealthConnectView.swift in Sources */,
				2B9DC282FB0999E0BBE93305 /* HealthKitManager.swift in Sources */,
				259C274EAC3EE4BCDF735712 /* ICloudSyncService.swift in Sources */,
				C15B7D62FC2F6B3EC607C6DB /* InsightsView.swift in Sources */,
				9D660BFCC825AD50CAA06DA8 /* JournalHistoryView.swift in Sources */,
				05318CCA12581DD266B17D5B /* JournalView.swift in Sources */,
				652C2C72A60CF787391116AE /* LocalAppStore.swift in Sources */,
				44DFAD53D5424FC9BF7AFE18 /* MessagesView.swift in Sources */,
				15B56F4F277B74CA35082415 /* MockData.swift in Sources */,
				46F08413653AF2DED74578DD /* MockServices.swift in Sources */,
				ACE515FE6CBF1109C9C30ED4 /* Models.swift in Sources */,
				185BB7FD01E8C2197A29F58D /* NotATherapistApp.swift in Sources */,
				77BE28E7E63CF8229DAE7C95 /* NotificationService.swift in Sources */,
				4A88039FEB9C25179005E169 /* OnboardingView.swift in Sources */,
				1EE768C413114529764E4D84 /* TodayView.swift in Sources */,
				EDD1A77B06A5BB2AF70237B9 /* WidgetShared.swift in Sources */,
			);
			runOnlyForDeploymentPostprocessing = 0;
		};
		7C2688281C91781A7435D4E4 /* Sources */ = {
			isa = PBXSourcesBuildPhase;
			buildActionMask = 2147483647;
			files = (
				6792821DFF79B8A5958D3CC5 /* AnchorWidgets.swift in Sources */,
				7F1ED5B7543E7316118E8B87 /* WidgetShared.swift in Sources */,
			);
			runOnlyForDeploymentPostprocessing = 0;
		};
/* End PBXSourcesBuildPhase section */

/* Begin PBXTargetDependency section */
		F94FF9942AC6572E1E1F67CA /* PBXTargetDependency */ = {
			isa = PBXTargetDependency;
			target = F56FFDA4BD80FCE34C0EF511 /* AnchorWidgets */;
			targetProxy = 95D22448064B9F4AB11EB103 /* PBXContainerItemProxy */;
		};
/* End PBXTargetDependency section */

/* Begin XCBuildConfiguration section */
		4B4E02A6ECE16BA0DC15557B /* Debug */ = {
			isa = XCBuildConfiguration;
			buildSettings = {
				ALWAYS_SEARCH_USER_PATHS = NO;
				CLANG_ANALYZER_NONNULL = YES;
				CLANG_ANALYZER_NUMBER_OBJECT_CONVERSION = YES_AGGRESSIVE;
				CLANG_CXX_LANGUAGE_STANDARD = "gnu++14";
				CLANG_CXX_LIBRARY = "libc++";
				CLANG_ENABLE_MODULES = YES;
				CLANG_ENABLE_OBJC_ARC = YES;
				CLANG_ENABLE_OBJC_WEAK = YES;
				CLANG_WARN_BLOCK_CAPTURE_AUTORELEASING = YES;
				CLANG_WARN_BOOL_CONVERSION = YES;
				CLANG_WARN_COMMA = YES;
				CLANG_WARN_CONSTANT_CONVERSION = YES;
				CLANG_WARN_DEPRECATED_OBJC_IMPLEMENTATIONS = YES;
				CLANG_WARN_DIRECT_OBJC_ISA_USAGE = YES_ERROR;
				CLANG_WARN_DOCUMENTATION_COMMENTS = YES;
				CLANG_WARN_EMPTY_BODY = YES;
				CLANG_WARN_ENUM_CONVERSION = YES;
				CLANG_WARN_INFINITE_RECURSION = YES;
				CLANG_WARN_INT_CONVERSION = YES;
				CLANG_WARN_NON_LITERAL_NULL_CONVERSION = YES;
				CLANG_WARN_OBJC_IMPLICIT_RETAIN_SELF = YES;
				CLANG_WARN_OBJC_LITERAL_CONVERSION = YES;
				CLANG_WARN_OBJC_ROOT_CLASS = YES_ERROR;
				CLANG_WARN_QUOTED_INCLUDE_IN_FRAMEWORK_HEADER = YES;
				CLANG_WARN_RANGE_LOOP_ANALYSIS = YES;
				CLANG_WARN_STRICT_PROTOTYPES = YES;
				CLANG_WARN_SUSPICIOUS_MOVE = YES;
				CLANG_WARN_UNGUARDED_AVAILABILITY = YES_AGGRESSIVE;
				CLANG_WARN_UNREACHABLE_CODE = YES;
				CLANG_WARN__DUPLICATE_METHOD_MATCH = YES;
				COPY_PHASE_STRIP = NO;
				DEBUG_INFORMATION_FORMAT = dwarf;
				ENABLE_STRICT_OBJC_MSGSEND = YES;
				ENABLE_TESTABILITY = YES;
				GCC_C_LANGUAGE_STANDARD = gnu11;
				GCC_DYNAMIC_NO_PIC = NO;
				GCC_NO_COMMON_BLOCKS = YES;
				GCC_OPTIMIZATION_LEVEL = 0;
				GCC_PREPROCESSOR_DEFINITIONS = (
					"$(inherited)",
					"DEBUG=1",
				);
				GCC_WARN_64_TO_32_BIT_CONVERSION = YES;
				GCC_WARN_ABOUT_RETURN_TYPE = YES_ERROR;
				GCC_WARN_UNDECLARED_SELECTOR = YES;
				GCC_WARN_UNINITIALIZED_AUTOS = YES_AGGRESSIVE;
				GCC_WARN_UNUSED_FUNCTION = YES;
				GCC_WARN_UNUSED_VARIABLE = YES;
				IPHONEOS_DEPLOYMENT_TARGET = 18.0;
				MTL_ENABLE_DEBUG_INFO = INCLUDE_SOURCE;
				MTL_FAST_MATH = YES;
				ONLY_ACTIVE_ARCH = YES;
				PRODUCT_NAME = "$(TARGET_NAME)";
				SDKROOT = iphoneos;
				SWIFT_ACTIVE_COMPILATION_CONDITIONS = DEBUG;
				SWIFT_OPTIMIZATION_LEVEL = "-Onone";
				SWIFT_VERSION = 5.9;
			};
			name = Debug;
		};
		760CF26B60833590363BDDD1 /* Release */ = {
			isa = XCBuildConfiguration;
			buildSettings = {
				ASSETCATALOG_COMPILER_APPICON_NAME = AppIcon;
				ASSETCATALOG_COMPILER_GENERATE_SWIFT_ASSET_SYMBOL_EXTENSIONS = YES;
				CODE_SIGN_ENTITLEMENTS = NotATherapist/NotATherapist.entitlements;
				CODE_SIGN_IDENTITY = "iPhone Developer";
				CURRENT_PROJECT_VERSION = 1;
				DEVELOPMENT_TEAM = 5976U4WSJN;
				GENERATE_INFOPLIST_FILE = YES;
				INFOPLIST_KEY_CFBundleDisplayName = Anchor;
				INFOPLIST_KEY_NSHealthShareUsageDescription = "Optional Apple Health access helps spot simple patterns between sleep, steps, mood, and journal entries.";
				INFOPLIST_KEY_UIApplicationSceneManifest_Generation = YES;
				INFOPLIST_KEY_UIApplicationSupportsIndirectInputEvents = YES;
				INFOPLIST_KEY_UILaunchScreen_Generation = YES;
				IPHONEOS_DEPLOYMENT_TARGET = 18.0;
				LD_RUNPATH_SEARCH_PATHS = (
					"$(inherited)",
					"@executable_path/Frameworks",
				);
				MARKETING_VERSION = 1.0;
				PRODUCT_BUNDLE_IDENTIFIER = com.mikewhelan.anchor;
				PRODUCT_NAME = Anchor;
				SDKROOT = iphoneos;
				TARGETED_DEVICE_FAMILY = 1;
			};
			name = Release;
		};
		880B92D9609184B6B6F1B104 /* Debug */ = {
			isa = XCBuildConfiguration;
			buildSettings = {
				APPLICATION_EXTENSION_API_ONLY = YES;
				CODE_SIGN_ENTITLEMENTS = AnchorWidgets/AnchorWidgets.entitlements;
				CURRENT_PROJECT_VERSION = 1;
				DEVELOPMENT_TEAM = 5976U4WSJN;
				INFOPLIST_FILE = AnchorWidgets/Info.plist;
				IPHONEOS_DEPLOYMENT_TARGET = 18.0;
				LD_RUNPATH_SEARCH_PATHS = (
					"$(inherited)",
					"@executable_path/Frameworks",
					"@executable_path/../../Frameworks",
				);
				MARKETING_VERSION = 1.0;
				PRODUCT_BUNDLE_IDENTIFIER = com.mikewhelan.anchor.widgets;
				PRODUCT_NAME = AnchorWidgets;
				SDKROOT = iphoneos;
				SKIP_INSTALL = YES;
				TARGETED_DEVICE_FAMILY = 1;
			};
			name = Debug;
		};
		B356EF0D890BB01C42C5D9AB /* Release */ = {
			isa = XCBuildConfiguration;
			buildSettings = {
				APPLICATION_EXTENSION_API_ONLY = YES;
				CODE_SIGN_ENTITLEMENTS = AnchorWidgets/AnchorWidgets.entitlements;
				CURRENT_PROJECT_VERSION = 1;
				DEVELOPMENT_TEAM = 5976U4WSJN;
				INFOPLIST_FILE = AnchorWidgets/Info.plist;
				IPHONEOS_DEPLOYMENT_TARGET = 18.0;
				LD_RUNPATH_SEARCH_PATHS = (
					"$(inherited)",
					"@executable_path/Frameworks",
					"@executable_path/../../Frameworks",
				);
				MARKETING_VERSION = 1.0;
				PRODUCT_BUNDLE_IDENTIFIER = com.mikewhelan.anchor.widgets;
				PRODUCT_NAME = AnchorWidgets;
				SDKROOT = iphoneos;
				SKIP_INSTALL = YES;
				TARGETED_DEVICE_FAMILY = 1;
			};
			name = Release;
		};
		D9FEAB8C348247DE1D4EAF52 /* Debug */ = {
			isa = XCBuildConfiguration;
			buildSettings = {
				ASSETCATALOG_COMPILER_APPICON_NAME = AppIcon;
				ASSETCATALOG_COMPILER_GENERATE_SWIFT_ASSET_SYMBOL_EXTENSIONS = YES;
				CODE_SIGN_ENTITLEMENTS = NotATherapist/NotATherapist.entitlements;
				CODE_SIGN_IDENTITY = "iPhone Developer";
				CURRENT_PROJECT_VERSION = 1;
				DEVELOPMENT_TEAM = 5976U4WSJN;
				GENERATE_INFOPLIST_FILE = YES;
				INFOPLIST_KEY_CFBundleDisplayName = Anchor;
				INFOPLIST_KEY_NSHealthShareUsageDescription = "Optional Apple Health access helps spot simple patterns between sleep, steps, mood, and journal entries.";
				INFOPLIST_KEY_UIApplicationSceneManifest_Generation = YES;
				INFOPLIST_KEY_UIApplicationSupportsIndirectInputEvents = YES;
				INFOPLIST_KEY_UILaunchScreen_Generation = YES;
				IPHONEOS_DEPLOYMENT_TARGET = 18.0;
				LD_RUNPATH_SEARCH_PATHS = (
					"$(inherited)",
					"@executable_path/Frameworks",
				);
				MARKETING_VERSION = 1.0;
				PRODUCT_BUNDLE_IDENTIFIER = com.mikewhelan.anchor;
				PRODUCT_NAME = Anchor;
				SDKROOT = iphoneos;
				TARGETED_DEVICE_FAMILY = 1;
			};
			name = Debug;
		};
		EAF565F8CB8D3D13E2B6DD9D /* Release */ = {
			isa = XCBuildConfiguration;
			buildSettings = {
				ALWAYS_SEARCH_USER_PATHS = NO;
				CLANG_ANALYZER_NONNULL = YES;
				CLANG_ANALYZER_NUMBER_OBJECT_CONVERSION = YES_AGGRESSIVE;
				CLANG_CXX_LANGUAGE_STANDARD = "gnu++14";
				CLANG_CXX_LIBRARY = "libc++";
				CLANG_ENABLE_MODULES = YES;
				CLANG_ENABLE_OBJC_ARC = YES;
				CLANG_ENABLE_OBJC_WEAK = YES;
				CLANG_WARN_BLOCK_CAPTURE_AUTORELEASING = YES;
				CLANG_WARN_BOOL_CONVERSION = YES;
				CLANG_WARN_COMMA = YES;
				CLANG_WARN_CONSTANT_CONVERSION = YES;
				CLANG_WARN_DEPRECATED_OBJC_IMPLEMENTATIONS = YES;
				CLANG_WARN_DIRECT_OBJC_ISA_USAGE = YES_ERROR;
				CLANG_WARN_DOCUMENTATION_COMMENTS = YES;
				CLANG_WARN_EMPTY_BODY = YES;
				CLANG_WARN_ENUM_CONVERSION = YES;
				CLANG_WARN_INFINITE_RECURSION = YES;
				CLANG_WARN_INT_CONVERSION = YES;
				CLANG_WARN_NON_LITERAL_NULL_CONVERSION = YES;
				CLANG_WARN_OBJC_IMPLICIT_RETAIN_SELF = YES;
				CLANG_WARN_OBJC_LITERAL_CONVERSION = YES;
				CLANG_WARN_OBJC_ROOT_CLASS = YES_ERROR;
				CLANG_WARN_QUOTED_INCLUDE_IN_FRAMEWORK_HEADER = YES;
				CLANG_WARN_RANGE_LOOP_ANALYSIS = YES;
				CLANG_WARN_STRICT_PROTOTYPES = YES;
				CLANG_WARN_SUSPICIOUS_MOVE = YES;
				CLANG_WARN_UNGUARDED_AVAILABILITY = YES_AGGRESSIVE;
				CLANG_WARN_UNREACHABLE_CODE = YES;
				CLANG_WARN__DUPLICATE_METHOD_MATCH = YES;
				COPY_PHASE_STRIP = NO;
				DEBUG_INFORMATION_FORMAT = "dwarf-with-dsym";
				ENABLE_NS_ASSERTIONS = NO;
				ENABLE_STRICT_OBJC_MSGSEND = YES;
				GCC_C_LANGUAGE_STANDARD = gnu11;
				GCC_NO_COMMON_BLOCKS = YES;
				GCC_WARN_64_TO_32_BIT_CONVERSION = YES;
				GCC_WARN_ABOUT_RETURN_TYPE = YES_ERROR;
				GCC_WARN_UNDECLARED_SELECTOR = YES;
				GCC_WARN_UNINITIALIZED_AUTOS = YES_AGGRESSIVE;
				GCC_WARN_UNUSED_FUNCTION = YES;
				GCC_WARN_UNUSED_VARIABLE = YES;
				IPHONEOS_DEPLOYMENT_TARGET = 18.0;
				MTL_ENABLE_DEBUG_INFO = NO;
				MTL_FAST_MATH = YES;
				PRODUCT_NAME = "$(TARGET_NAME)";
				SDKROOT = iphoneos;
				SWIFT_COMPILATION_MODE = wholemodule;
				SWIFT_OPTIMIZATION_LEVEL = "-O";
				SWIFT_VERSION = 5.9;
			};
			name = Release;
		};
/* End XCBuildConfiguration section */

/* Begin XCConfigurationList section */
		50BC7E618F9DF3D1219374EA /* Build configuration list for PBXProject "NotATherapist" */ = {
			isa = XCConfigurationList;
			buildConfigurations = (
				4B4E02A6ECE16BA0DC15557B /* Debug */,
				EAF565F8CB8D3D13E2B6DD9D /* Release */,
			);
			defaultConfigurationIsVisible = 0;
			defaultConfigurationName = Debug;
		};
		642CF6C9102D798C7CA27DB6 /* Build configuration list for PBXNativeTarget "NotATherapist" */ = {
			isa = XCConfigurationList;
			buildConfigurations = (
				D9FEAB8C348247DE1D4EAF52 /* Debug */,
				760CF26B60833590363BDDD1 /* Release */,
			);
			defaultConfigurationIsVisible = 0;
			defaultConfigurationName = Debug;
		};
		D1DE8BC9C238825E1696F0DA /* Build configuration list for PBXNativeTarget "AnchorWidgets" */ = {
			isa = XCConfigurationList;
			buildConfigurations = (
				880B92D9609184B6B6F1B104 /* Debug */,
				B356EF0D890BB01C42C5D9AB /* Release */,
			);
			defaultConfigurationIsVisible = 0;
			defaultConfigurationName = Debug;
		};
/* End XCConfigurationList section */

/* Begin XCRemoteSwiftPackageReference section */
		BB9889830FA3B3E931CEFBB5 /* XCRemoteSwiftPackageReference "lottie-ios" */ = {
			isa = XCRemoteSwiftPackageReference;
			repositoryURL = "https://github.com/airbnb/lottie-ios";
			requirement = {
				kind = upToNextMajorVersion;
				minimumVersion = 4.5.0;
			};
		};
/* End XCRemoteSwiftPackageReference section */

/* Begin XCSwiftPackageProductDependency section */
		972FA017E24658E48B6793EB /* Lottie */ = {
			isa = XCSwiftPackageProductDependency;
			package = BB9889830FA3B3E931CEFBB5 /* XCRemoteSwiftPackageReference "lottie-ios" */;
			productName = Lottie;
		};
/* End XCSwiftPackageProductDependency section */
	};
	rootObject = F9011E559A88B5F2A601CF0A /* Project object */;
}
